{
    "_readme": [
        "This file locks the dependencies of your project to a known state",
        "Read more about it at https://getcomposer.org/doc/01-basic-usage.md#installing-dependencies",
        "This file is @generated automatically"
    ],
    "content-hash": "0241e9f8458bf44f8414b6d811f751d3",
    "packages": [
        {
            "name": "exteon/patterns",
            "version": "1.0.0",
            "dist": {
                "type": "path",
                "url": "/mnt/libraries/patterns",
                "reference": "9e52d503f4a06e5c7c09715b4eeaac94f35a188a"
            },
            "type": "library",
            "autoload": {
                "psr-4": {
                    "Exteon\\Patterns\\": [
                        "src"
                    ]
                }
            },
            "license": [
                "Apache-2.0"
            ],
            "authors": [
                {
                    "name": "Dinu Marina"
                }
            ],
            "description": "Common code patterns library",
            "transport-options": {
                "relative": false
            }
        }
    ],
    "packages-dev": [],
    "aliases": [],
    "minimum-stability": "stable",
    "stability-flags": [],
    "prefer-stable": false,
    "prefer-lowest": false,
    "platform": {
        "ext-dba": "*"
    },
    "platform-dev": [],
    "plugin-api-version": "2.3.0"
}
